// !$*UTF8*$!
{
	archiveVersion = 1;
	classes = {
	};
	objectVersion = 50;
	objects = {

/* Begin PBXBuildFile section */
		037326A8FF2BDDF8945A3A7D /* libPods-ExampleTests.a in Frameworks */ = {isa = PBXBuildFile; fileRef = AA09ECDC759C425DF841AB93 /* libPods-ExampleTests.a */; };
		514DC760225509C700F152A8 /* AppDelegate.m in Sources */ = {isa = PBXBuildFile; fileRef = 514DC75F225509C700F152A8 /* AppDelegate.m */; };
		514DC763225509C700F152A8 /* ViewController.m in Sources */ = {isa = PBXBuildFile; fileRef = 514DC762225509C700F152A8 /* ViewController.m */; };
		514DC766225509C700F152A8 /* Main.storyboard in Resources */ = {isa = PBXBuildFile; fileRef = 514DC764225509C700F152A8 /* Main.storyboard */; };
		514DC768225509C900F152A8 /* Assets.xcassets in Resources */ = {isa = PBXBuildFile; fileRef = 514DC767225509C900F152A8 /* Assets.xcassets */; };
		514DC76B225509C900F152A8 /* LaunchScreen.storyboard in Resources */ = {isa = PBXBuildFile; fileRef = 514DC769225509C900F152A8 /* LaunchScreen.storyboard */; };
		514DC76E225509C900F152A8 /* main.m in Sources */ = {isa = PBXBuildFile; fileRef = 514DC76D225509C900F152A8 /* main.m */; };
		514DC778225509C900F152A8 /* ExampleTests.m in Sources */ = {isa = PBXBuildFile; fileRef = 514DC777225509C900F152A8 /* ExampleTests.m */; };
		514DC783225509C900F152A8 /* ExampleUITests.m in Sources */ = {isa = PBXBuildFile; fileRef = 514DC782225509C900F152A8 /* ExampleUITests.m */; };
		69617FB8D8DC60DBB88CAD69 /* libPods-ExampleUITests.a in Frameworks */ = {isa = PBXBuildFile; fileRef = 066EED30E8BE5C3D315C3D81 /* libPods-ExampleUITests.a */; };
		C0DE2E79DF390131527ED0C7 /* libPods-Example.a in Frameworks */ = {isa = PBXBuildFile; fileRef = A943D1426EA531EBE1C781BD /* libPods-Example.a */; };
/* End PBXBuildFile section */

/* Begin PBXContainerItemProxy section */
		514DC774225509C900F152A8 /* PBXContainerItemProxy */ = {
			isa = PBXContainerItemProxy;
			containerPortal = 514DC753225509C700F152A8 /* Project object */;
			proxyType = 1;
			remoteGlobalIDString = 514DC75A225509C700F152A8;
			remoteInfo = Example;
		};
		514DC77F225509C900F152A8 /* PBXContainerItemProxy */ = {
			isa = PBXContainerItemProxy;
			containerPortal = 514DC753225509C700F152A8 /* Project object */;
			proxyType = 1;
			remoteGlobalIDString = 514DC75A225509C700F152A8;
			remoteInfo = Example;
		};
/* End PBXContainerItemProxy section */

/* Begin PBXFileReference section */
		066EED30E8BE5C3D315C3D81 /* libPods-ExampleUITests.a */ = {isa = PBXFileReference; explicitFileType = archive.ar; includeInIndex = 0; path = "libPods-ExampleUITests.a"; sourceTree = BUILT_PRODUCTS_DIR; };
		363A6701F6164DC275869A7F /* Pods-ExampleTests.debug.xcconfig */ = {isa = PBXFileReference; includeInIndex = 1; lastKnownFileType = text.xcconfig; name = "Pods-ExampleTests.debug.xcconfig"; path = "Pods/Target Support Files/Pods-ExampleTests/Pods-ExampleTests.debug.xcconfig"; sourceTree = "<group>"; };
		39748F6A1A5613023FC17A00 /* Pods-Example.debug.xcconfig */ = {isa = PBXFileReference; includeInIndex = 1; lastKnownFileType = text.xcconfig; name = "Pods-Example.debug.xcconfig"; path = "Pods/Target Support Files/Pods-Example/Pods-Example.debug.xcconfig"; sourceTree = "<group>"; };
		514DC75B225509C700F152A8 /* Example.app */ = {isa = PBXFileReference; explicitFileType = wrapper.application; includeInIndex = 0; path = Example.app; sourceTree = BUILT_PRODUCTS_DIR; };
		514DC75E225509C700F152A8 /* AppDelegate.h */ = {isa = PBXFileReference; lastKnownFileType = sourcecode.c.h; path = AppDelegate.h; sourceTree = "<group>"; };
		514DC75F225509C700F152A8 /* AppDelegate.m */ = {isa = PBXFileReference; lastKnownFileType = sourcecode.c.objc; path = AppDelegate.m; sourceTree = "<group>"; };
		514DC761225509C700F152A8 /* ViewController.h */ = {isa = PBXFileReference; lastKnownFileType = sourcecode.c.h; path = ViewController.h; sourceTree = "<group>"; };
		514DC762225509C700F152A8 /* ViewController.m */ = {isa = PBXFileReference; lastKnownFileType = sourcecode.c.objc; path = ViewController.m; sourceTree = "<group>"; };
		514DC765225509C700F152A8 /* Base */ = {isa = PBXFileReference; lastKnownFileType = file.storyboard; name = Base; path = Base.lproj/Main.storyboard; sourceTree = "<group>"; };
		514DC767225509C900F152A8 /* Assets.xcassets */ = {isa = PBXFileReference; lastKnownFileType = folder.assetcatalog; path = Assets.xcassets; sourceTree = "<group>"; };
		514DC76A225509C900F152A8 /* Base */ = {isa = PBXFileReference; lastKnownFileType = file.storyboard; name = Base; path = Base.lproj/LaunchScreen.storyboard; sourceTree = "<group>"; };
		514DC76C225509C900F152A8 /* Info.plist */ = {isa = PBXFileReference; lastKnownFileType = text.plist.xml; path = Info.plist; sourceTree = "<group>"; };
		514DC76D225509C900F152A8 /* main.m */ = {isa = PBXFileReference; lastKnownFileType = sourcecode.c.objc; path = main.m; sourceTree = "<group>"; };
		514DC773225509C900F152A8 /* ExampleTests.xctest */ = {isa = PBXFileReference; explicitFileType = wrapper.cfbundle; includeInIndex = 0; path = ExampleTests.xctest; sourceTree = BUILT_PRODUCTS_DIR; };
		514DC777225509C900F152A8 /* ExampleTests.m */ = {isa = PBXFileReference; lastKnownFileType = sourcecode.c.objc; path = ExampleTests.m; sourceTree = "<group>"; };
		514DC779225509C900F152A8 /* Info.plist */ = {isa = PBXFileReference; lastKnownFileType = text.plist.xml; path = Info.plist; sourceTree = "<group>"; };
		514DC77E225509C900F152A8 /* ExampleUITests.xctest */ = {isa = PBXFileReference; explicitFileType = wrapper.cfbundle; includeInIndex = 0; path = ExampleUITests.xctest; sourceTree = BUILT_PRODUCTS_DIR; };
		514DC782225509C900F152A8 /* ExampleUITests.m */ = {isa = PBXFileReference; lastKnownFileType = sourcecode.c.objc; path = ExampleUITests.m; sourceTree = "<group>"; };
		514DC784225509C900F152A8 /* Info.plist */ = {isa = PBXFileReference; lastKnownFileType = text.plist.xml; path = Info.plist; sourceTree = "<group>"; };
		660908B03D063F4CCEDB54BD /* Pods-Example.release.xcconfig */ = {isa = PBXFileReference; includeInIndex = 1; lastKnownFileType = text.xcconfig; name = "Pods-Example.release.xcconfig"; path = "Pods/Target Support Files/Pods-Example/Pods-Example.release.xcconfig"; sourceTree = "<group>"; };
		664703357A3577D5DA5E5EF8 /* Pods-ExampleUITests.debug.xcconfig */ = {isa = PBXFileReference; includeInIndex = 1; lastKnownFileType = text.xcconfig; name = "Pods-ExampleUITests.debug.xcconfig"; path = "Pods/Target Support Files/Pods-ExampleUITests/Pods-ExampleUITests.debug.xcconfig"; sourceTree = "<group>"; };
		753CBC755E4B63582941B3B3 /* Pods-ExampleTests.release.xcconfig */ = {isa = PBXFileReference; includeInIndex = 1; lastKnownFileType = text.xcconfig; name = "Pods-ExampleTests.release.xcconfig"; path = "Pods/Target Support Files/Pods-ExampleTests/Pods-ExampleTests.release.xcconfig"; sourceTree = "<group>"; };
		A943D1426EA531EBE1C781BD /* libPods-Example.a */ = {isa = PBXFileReference; explicitFileType = archive.ar; includeInIndex = 0; path = "libPods-Example.a"; sourceTree = BUILT_PRODUCTS_DIR; };
		AA09ECDC759C425DF841AB93 /* libPods-ExampleTests.a */ = {isa = PBXFileReference; explicitFileType = archive.ar; includeInIndex = 0; path = "libPods-ExampleTests.a"; sourceTree = BUILT_PRODUCTS_DIR; };
		ADFD1C5FB9B21484E58A22D9 /* Pods-ExampleUITests.release.xcconfig */ = {isa = PBXFileReference; includeInIndex = 1; lastKnownFileType = text.xcconfig; name = "Pods-ExampleUITests.release.xcconfig"; path = "Pods/Target Support Files/Pods-ExampleUITests/Pods-ExampleUITests.release.xcconfig"; sourceTree = "<group>"; };
/* End PBXFileReference section */

/* Begin PBXFrameworksBuildPhase section */
		514DC758225509C700F152A8 /* Frameworks */ = {
			isa = PBXFrameworksBuildPhase;
			buildActionMask = 2147483647;
			files = (
				C0DE2E79DF390131527ED0C7 /* libPods-Example.a in Frameworks */,
			);
			runOnlyForDeploymentPostprocessing = 0;
		};
		514DC770225509C900F152A8 /* Frameworks */ = {
			isa = PBXFrameworksBuildPhase;
			buildActionMask = 2147483647;
			files = (
				037326A8FF2BDDF8945A3A7D /* libPods-ExampleTests.a in Frameworks */,
			);
			runOnlyForDeploymentPostprocessing = 0;
		};
		514DC77B225509C900F152A8 /* Frameworks */ = {
			isa = PBXFrameworksBuildPhase;
			buildActionMask = 2147483647;
			files = (
				69617FB8D8DC60DBB88CAD69 /* libPods-ExampleUITests.a in Frameworks */,
			);
			runOnlyForDeploymentPostprocessing = 0;
		};
/* End PBXFrameworksBuildPhase section */

/* Begin PBXGroup section */
		046CA1C8702FCAEA38888E05 /* Pods */ = {
			isa = PBXGroup;
			children = (
				39748F6A1A5613023FC17A00 /* Pods-Example.debug.xcconfig */,
				660908B03D063F4CCEDB54BD /* Pods-Example.release.xcconfig */,
				363A6701F6164DC275869A7F /* Pods-ExampleTests.debug.xcconfig */,
				753CBC755E4B63582941B3B3 /* Pods-ExampleTests.release.xcconfig */,
				664703357A3577D5DA5E5EF8 /* Pods-ExampleUITests.debug.xcconfig */,
				ADFD1C5FB9B21484E58A22D9 /* Pods-ExampleUITests.release.xcconfig */,
			);
			name = Pods;
			sourceTree = "<group>";
		};
		2C154CAB6EE2A731AFDA24FF /* Frameworks */ = {
			isa = PBXGroup;
			children = (
				A943D1426EA531EBE1C781BD /* libPods-Example.a */,
				AA09ECDC759C425DF841AB93 /* libPods-ExampleTests.a */,
				066EED30E8BE5C3D315C3D81 /* libPods-ExampleUITests.a */,
			);
			name = Frameworks;
			sourceTree = "<group>";
		};
		514DC752225509C700F152A8 = {
			isa = PBXGroup;
			children = (
				514DC75D225509C700F152A8 /* Example */,
				514DC776225509C900F152A8 /* ExampleTests */,
				514DC781225509C900F152A8 /* ExampleUITests */,
				514DC75C225509C700F152A8 /* Products */,
				046CA1C8702FCAEA38888E05 /* Pods */,
				2C154CAB6EE2A731AFDA24FF /* Frameworks */,
			);
			sourceTree = "<group>";
		};
		514DC75C225509C700F152A8 /* Products */ = {
			isa = PBXGroup;
			children = (
				514DC75B225509C700F152A8 /* Example.app */,
				514DC773225509C900F152A8 /* ExampleTests.xctest */,
				514DC77E225509C900F152A8 /* ExampleUITests.xctest */,
			);
			name = Products;
			sourceTree = "<group>";
		};
		514DC75D225509C700F152A8 /* Example */ = {
			isa = PBXGroup;
			children = (
				514DC75E225509C700F152A8 /* AppDelegate.h */,
				514DC75F225509C700F152A8 /* AppDelegate.m */,
				514DC761225509C700F152A8 /* ViewController.h */,
				514DC762225509C700F152A8 /* ViewController.m */,
				514DC764225509C700F152A8 /* Main.storyboard */,
				514DC767225509C900F152A8 /* Assets.xcassets */,
				514DC769225509C900F152A8 /* LaunchScreen.storyboard */,
				514DC76C225509C900F152A8 /* Info.plist */,
				514DC76D225509C900F152A8 /* main.m */,
			);
			path = Example;
			sourceTree = "<group>";
		};
		514DC776225509C900F152A8 /* ExampleTests */ = {
			isa = PBXGroup;
			children = (
				514DC777225509C900F152A8 /* ExampleTests.m */,
				514DC779225509C900F152A8 /* Info.plist */,
			);
			path = ExampleTests;
			sourceTree = "<group>";
		};
		514DC781225509C900F152A8 /* ExampleUITests */ = {
			isa = PBXGroup;
			children = (
				514DC782225509C900F152A8 /* ExampleUITests.m */,
				514DC784225509C900F152A8 /* Info.plist */,
			);
			path = ExampleUITests;
			sourceTree = "<group>";
		};
/* End PBXGroup section */

/* Begin PBXNativeTarget section */
		514DC75A225509C700F152A8 /* Example */ = {
			isa = PBXNativeTarget;
			buildConfigurationList = 514DC787225509C900F152A8 /* Build configuration list for PBXNativeTarget "Example" */;
			buildPhases = (
				73FCA6A2AFB5454A6E600057 /* [CP] Check Pods Manifest.lock */,
				514DC757225509C700F152A8 /* Sources */,
				514DC758225509C700F152A8 /* Frameworks */,
				514DC759225509C700F152A8 /* Resources */,
			);
			buildRules = (
			);
			dependencies = (
			);
			name = Example;
			productName = Example;
			productReference = 514DC75B225509C700F152A8 /* Example.app */;
			productType = "com.apple.product-type.application";
		};
		514DC772225509C900F152A8 /* ExampleTests */ = {
			isa = PBXNativeTarget;
			buildConfigurationList = 514DC78A225509C900F152A8 /* Build configuration list for PBXNativeTarget "ExampleTests" */;
			buildPhases = (
				1B05AC13EA093BB5DF507320 /* [CP] Check Pods Manifest.lock */,
				514DC76F225509C900F152A8 /* Sources */,
				514DC770225509C900F152A8 /* Frameworks */,
				514DC771225509C900F152A8 /* Resources */,
			);
			buildRules = (
			);
			dependencies = (
				514DC775225509C900F152A8 /* PBXTargetDependency */,
			);
			name = ExampleTests;
			productName = ExampleTests;
			productReference = 514DC773225509C900F152A8 /* ExampleTests.xctest */;
			productType = "com.apple.product-type.bundle.unit-test";
		};
		514DC77D225509C900F152A8 /* ExampleUITests */ = {
			isa = PBXNativeTarget;
			buildConfigurationList = 514DC78D225509C900F152A8 /* Build configuration list for PBXNativeTarget "ExampleUITests" */;
			buildPhases = (
				D596D0E2E965BD4453540376 /* [CP] Check Pods Manifest.lock */,
				514DC77A225509C900F152A8 /* Sources */,
				514DC77B225509C900F152A8 /* Frameworks */,
				514DC77C225509C900F152A8 /* Resources */,
			);
			buildRules = (
			);
			dependencies = (
				514DC780225509C900F152A8 /* PBXTargetDependency */,
			);
			name = ExampleUITests;
			productName = ExampleUITests;
			productReference = 514DC77E225509C900F152A8 /* ExampleUITests.xctest */;
			productType = "com.apple.product-type.bundle.ui-testing";
		};
/* End PBXNativeTarget section */

/* Begin PBXProject section */
		514DC753225509C700F152A8 /* Project object */ = {
			isa = PBXProject;
			attributes = {
				LastUpgradeCheck = 1010;
				ORGANIZATIONNAME = EMoisiony;
				TargetAttributes = {
					514DC75A225509C700F152A8 = {
						CreatedOnToolsVersion = 10.1;
					};
					514DC772225509C900F152A8 = {
						CreatedOnToolsVersion = 10.1;
						TestTargetID = 514DC75A225509C700F152A8;
					};
					514DC77D225509C900F152A8 = {
						CreatedOnToolsVersion = 10.1;
						TestTargetID = 514DC75A225509C700F152A8;
					};
				};
			};
			buildConfigurationList = 514DC756225509C700F152A8 /* Build configuration list for PBXProject "Example" */;
			compatibilityVersion = "Xcode 9.3";
			developmentRegion = en;
			hasScannedForEncodings = 0;
			knownRegions = (
				en,
				Base,
			);
			mainGroup = 514DC752225509C700F152A8;
			productRefGroup = 514DC75C225509C700F152A8 /* Products */;
			projectDirPath = "";
			projectRoot = "";
			targets = (
				514DC75A225509C700F152A8 /* Example */,
				514DC772225509C900F152A8 /* ExampleTests */,
				514DC77D225509C900F152A8 /* ExampleUITests */,
			);
		};
/* End PBXProject section */

/* Begin PBXResourcesBuildPhase section */
		514DC759225509C700F152A8 /* Resources */ = {
			isa = PBXResourcesBuildPhase;
			buildActionMask = 2147483647;
			files = (
				514DC76B225509C900F152A8 /* LaunchScreen.storyboard in Resources */,
				514DC768225509C900F152A8 /* Assets.xcassets in Resources */,
				514DC766225509C700F152A8 /* Main.storyboard in Resources */,
			);
			runOnlyForDeploymentPostprocessing = 0;
		};
		514DC771225509C900F152A8 /* Resources */ = {
			isa = PBXResourcesBuildPhase;
			buildActionMask = 2147483647;
			files = (
			);
			runOnlyForDeploymentPostprocessing = 0;
		};
		514DC77C225509C900F152A8 /* Resources */ = {
			isa = PBXResourcesBuildPhase;
			buildActionMask = 2147483647;
			files = (
			);
			runOnlyForDeploymentPostprocessing = 0;
		};
/* End PBXResourcesBuildPhase section */

/* Begin PBXShellScriptBuildPhase section */
		1B05AC13EA093BB5DF507320 /* [CP] Check Pods Manifest.lock */ = {
			isa = PBXShellScriptBuildPhase;
			buildActionMask = 2147483647;
			files = (
			);
			inputPaths = (
				"${PODS_PODFILE_DIR_PATH}/Podfile.lock",
				"${PODS_ROOT}/Manifest.lock",
			);
			name = "[CP] Check Pods Manifest.lock";
			outputPaths = (
				"$(DERIVED_FILE_DIR)/Pods-ExampleTests-checkManifestLockResult.txt",
			);
			runOnlyForDeploymentPostprocessing = 0;
			shellPath = /bin/sh;
			shellScript = "diff \"${PODS_PODFILE_DIR_PATH}/Podfile.lock\" \"${PODS_ROOT}/Manifest.lock\" > /dev/null\nif [ $? != 0 ] ; then\n    # print error to STDERR\n    echo \"error: The sandbox is not in sync with the Podfile.lock. Run 'pod install' or update your CocoaPods installation.\" >&2\n    exit 1\nfi\n# This output is used by Xcode 'outputs' to avoid re-running this script phase.\necho \"SUCCESS\" > \"${SCRIPT_OUTPUT_FILE_0}\"\n";
			showEnvVarsInLog = 0;
		};
		73FCA6A2AFB5454A6E600057 /* [CP] Check Pods Manifest.lock */ = {
			isa = PBXShellScriptBuildPhase;
			buildActionMask = 2147483647;
			files = (
			);
			inputPaths = (
				"${PODS_PODFILE_DIR_PATH}/Podfile.lock",
				"${PODS_ROOT}/Manifest.lock",
			);
			name = "[CP] Check Pods Manifest.lock";
			outputPaths = (
				"$(DERIVED_FILE_DIR)/Pods-Example-checkManifestLockResult.txt",
			);
			runOnlyForDeploymentPostprocessing = 0;
			shellPath = /bin/sh;
			shellScript = "diff \"${PODS_PODFILE_DIR_PATH}/Podfile.lock\" \"${PODS_ROOT}/Manifest.lock\" > /dev/null\nif [ $? != 0 ] ; then\n    # print error to STDERR\n    echo \"error: The sandbox is not in sync with the Podfile.lock. Run 'pod install' or update your CocoaPods installation.\" >&2\n    exit 1\nfi\n# This output is used by Xcode 'outputs' to avoid re-running this script phase.\necho \"SUCCESS\" > \"${SCRIPT_OUTPUT_FILE_0}\"\n";
			showEnvVarsInLog = 0;
		};
		D596D0E2E965BD4453540376 /* [CP] Check Pods Manifest.lock */ = {
			isa = PBXShellScriptBuildPhase;
			buildActionMask = 2147483647;
			files = (
			);
			inputPaths = (
				"${PODS_PODFILE_DIR_PATH}/Podfile.lock",
				"${PODS_ROOT}/Manifest.lock",
			);
			name = "[CP] Check Pods Manifest.lock";
			outputPaths = (
				"$(DERIVED_FILE_DIR)/Pods-ExampleUITests-checkManifestLockResult.txt",
			);
			runOnlyForDeploymentPostprocessing = 0;
			shellPath = /bin/sh;
			shellScript = "diff \"${PODS_PODFILE_DIR_PATH}/Podfile.lock\" \"${PODS_ROOT}/Manifest.lock\" > /dev/null\nif [ $? != 0 ] ; then\n    # print error to STDERR\n    echo \"error: The sandbox is not in sync with the Podfile.lock. Run 'pod install' or update your CocoaPods installation.\" >&2\n    exit 1\nfi\n# This output is used by Xcode 'outputs' to avoid re-running this script phase.\necho \"SUCCESS\" > \"${SCRIPT_OUTPUT_FILE_0}\"\n";
			showEnvVarsInLog = 0;
		};
/* End PBXShellScriptBuildPhase section */

/* Begin PBXSourcesBuildPhase section */
		514DC757225509C700F152A8 /* Sources */ = {
			isa = PBXSourcesBuildPhase;
			buildActionMask = 2147483647;
			files = (
				514DC763225509C700F152A8 /* ViewController.m in Sources */,
				514DC76E225509C900F152A8 /* main.m in Sources */,
				514DC760225509C700F152A8 /* AppDelegate.m in Sources */,
			);
			runOnlyForDeploymentPostprocessing = 0;
		};
		514DC76F225509C900F152A8 /* Sources */ = {
			isa = PBXSourcesBuildPhase;
			buildActionMask = 2147483647;
			files = (
				514DC778225509C900F152A8 /* ExampleTests.m in Sources */,
			);
			runOnlyForDeploymentPostprocessing = 0;
		};
		514DC77A225509C900F152A8 /* Sources */ = {
			isa = PBXSourcesBuildPhase;
			buildActionMask = 2147483647;
			files = (
				514DC783225509C900F152A8 /* ExampleUITests.m in Sources */,
			);
			runOnlyForDeploymentPostprocessing = 0;
		};
/* End PBXSourcesBuildPhase section */

/* Begin PBXTargetDependency section */
		514DC775225509C900F152A8 /* PBXTargetDependency */ = {
			isa = PBXTargetDependency;
			target = 514DC75A225509C700F152A8 /* Example */;
			targetProxy = 514DC774225509C900F152A8 /* PBXContainerItemProxy */;
		};
		514DC780225509C900F152A8 /* PBXTargetDependency */ = {
			isa = PBXTargetDependency;
			target = 514DC75A225509C700F152A8 /* Example */;
			targetProxy = 514DC77F225509C900F152A8 /* PBXContainerItemProxy */;
		};
/* End PBXTargetDependency section */

/* Begin PBXVariantGroup section */
		514DC764225509C700F152A8 /* Main.storyboard */ = {
			isa = PBXVariantGroup;
			children = (
				514DC765225509C700F152A8 /* Base */,
			);
			name = Main.storyboard;
			sourceTree = "<group>";
		};
		514DC769225509C900F152A8 /* LaunchScreen.storyboard */ = {
			isa = PBXVariantGroup;
			children = (
				514DC76A225509C900F152A8 /* Base */,
			);
			name = LaunchScreen.storyboard;
			sourceTree = "<group>";
		};
/* End PBXVariantGroup section */

/* Begin XCBuildConfiguration section */
		514DC785225509C900F152A8 /* Debug */ = {
			isa = XCBuildConfiguration;
			buildSettings = {
				ALWAYS_SEARCH_USER_PATHS = NO;
				CLANG_ANALYZER_NONNULL = YES;
				CLANG_ANALYZER_NUMBER_OBJECT_CONVERSION = YES_AGGRESSIVE;
				CLANG_CXX_LANGUAGE_STANDARD = "gnu++14";
				CLANG_CXX_LIBRARY = "libc++";
				CLANG_ENABLE_MODULES = YES;
				CLANG_ENABLE_OBJC_ARC = YES;
				CLANG_ENABLE_OBJC_WEAK = YES;
				CLANG_WARN_BLOCK_CAPTURE_AUTORELEASING = YES;
				CLANG_WARN_BOOL_CONVERSION = YES;
				CLANG_WARN_COMMA = YES;
				CLANG_WARN_CONSTANT_CONVERSION = YES;
				CLANG_WARN_DEPRECATED_OBJC_IMPLEMENTATIONS = YES;
				CLANG_WARN_DIRECT_OBJC_ISA_USAGE = YES_ERROR;
				CLANG_WARN_DOCUMENTATION_COMMENTS = YES;
				CLANG_WARN_EMPTY_BODY = YES;
				CLANG_WARN_ENUM_CONVERSION = YES;
				CLANG_WARN_INFINITE_RECURSION = YES;
				CLANG_WARN_INT_CONVERSION = YES;
				CLANG_WARN_NON_LITERAL_NULL_CONVERSION = YES;
				CLANG_WARN_OBJC_IMPLICIT_RETAIN_SELF = YES;
				CLANG_WARN_OBJC_LITERAL_CONVERSION = YES;
				CLANG_WARN_OBJC_ROOT_CLASS = YES_ERROR;
				CLANG_WARN_RANGE_LOOP_ANALYSIS = YES;
				CLANG_WARN_STRICT_PROTOTYPES = YES;
				CLANG_WARN_SUSPICIOUS_MOVE = YES;
				CLANG_WARN_UNGUARDED_AVAILABILITY = YES_AGGRESSIVE;
				CLANG_WARN_UNREACHABLE_CODE = YES;
				CLANG_WARN__DUPLICATE_METHOD_MATCH = YES;
				CODE_SIGN_IDENTITY = "iPhone Developer";
				COPY_PHASE_STRIP = NO;
				DEBUG_INFORMATION_FORMAT = dwarf;
				ENABLE_STRICT_OBJC_MSGSEND = YES;
				ENABLE_TESTABILITY = YES;
				GCC_C_LANGUAGE_STANDARD = gnu11;
				GCC_DYNAMIC_NO_PIC = NO;
				GCC_NO_COMMON_BLOCKS = YES;
				GCC_OPTIMIZATION_LEVEL = 0;
				GCC_PREPROCESSOR_DEFINITIONS = (
					"DEBUG=1",
					"$(inherited)",
				);
				GCC_WARN_64_TO_32_BIT_CONVERSION = YES;
				GCC_WARN_ABOUT_RETURN_TYPE = YES_ERROR;
				GCC_WARN_UNDECLARED_SELECTOR = YES;
				GCC_WARN_UNINITIALIZED_AUTOS = YES_AGGRESSIVE;
				GCC_WARN_UNUSED_FUNCTION = YES;
				GCC_WARN_UNUSED_VARIABLE = YES;
				IPHONEOS_DEPLOYMENT_TARGET = 12.1;
				MTL_ENABLE_DEBUG_INFO = INCLUDE_SOURCE;
				MTL_FAST_MATH = YES;
				ONLY_ACTIVE_ARCH = YES;
				SDKROOT = iphoneos;
			};
			name = Debug;
		};
		514DC786225509C900F152A8 /* Release */ = {
			isa = XCBuildConfiguration;
			buildSettings = {
				ALWAYS_SEARCH_USER_PATHS = NO;
				CLANG_ANALYZER_NONNULL = YES;
				CLANG_ANALYZER_NUMBER_OBJECT_CONVERSION = YES_AGGRESSIVE;
				CLANG_CXX_LANGUAGE_STANDARD = "gnu++14";
				CLANG_CXX_LIBRARY = "libc++";
				CLANG_ENABLE_MODULES = YES;
				CLANG_ENABLE_OBJC_ARC = YES;
				CLANG_ENABLE_OBJC_WEAK = YES;
				CLANG_WARN_BLOCK_CAPTURE_AUTORELEASING = YES;
				CLANG_WARN_BOOL_CONVERSION = YES;
				CLANG_WARN_COMMA = YES;
				CLANG_WARN_CONSTANT_CONVERSION = YES;
				CLANG_WARN_DEPRECATED_OBJC_IMPLEMENTATIONS = YES;
				CLANG_WARN_DIRECT_OBJC_ISA_USAGE = YES_ERROR;
				CLANG_WARN_DOCUMENTATION_COMMENTS = YES;
				CLANG_WARN_EMPTY_BODY = YES;
				CLANG_WARN_ENUM_CONVERSION = YES;
				CLANG_WARN_INFINITE_RECURSION = YES;
				CLANG_WARN_INT_CONVERSION = YES;
				CLANG_WARN_NON_LITERAL_NULL_CONVERSION = YES;
				CLANG_WARN_OBJC_IMPLICIT_RETAIN_SELF = YES;
				CLANG_WARN_OBJC_LITERAL_CONVERSION = YES;
				CLANG_WARN_OBJC_ROOT_CLASS = YES_ERROR;
				CLANG_WARN_RANGE_LOOP_ANALYSIS = YES;
				CLANG_WARN_STRICT_PROTOTYPES = YES;
				CLANG_WARN_SUSPICIOUS_MOVE = YES;
				CLANG_WARN_UNGUARDED_AVAILABILITY = YES_AGGRESSIVE;
				CLANG_WARN_UNREACHABLE_CODE = YES;
				CLANG_WARN__DUPLICATE_METHOD_MATCH = YES;
				CODE_SIGN_IDENTITY = "iPhone Developer";
				COPY_PHASE_STRIP = NO;
				DEBUG_INFORMATION_FORMAT = "dwarf-with-dsym";
				ENABLE_NS_ASSERTIONS = NO;
				ENABLE_STRICT_OBJC_MSGSEND = YES;
				GCC_C_LANGUAGE_STANDARD = gnu11;
				GCC_NO_COMMON_BLOCKS = YES;
				GCC_WARN_64_TO_32_BIT_CONVERSION = YES;
				GCC_WARN_ABOUT_RETURN_TYPE = YES_ERROR;
				GCC_WARN_UNDECLARED_SELECTOR = YES;
				GCC_WARN_UNINITIALIZED_AUTOS = YES_AGGRESSIVE;
				GCC_WARN_UNUSED_FUNCTION = YES;
				GCC_WARN_UNUSED_VARIABLE = YES;
				IPHONEOS_DEPLOYMENT_TARGET = 12.1;
				MTL_ENABLE_DEBUG_INFO = NO;
				MTL_FAST_MATH = YES;
				SDKROOT = iphoneos;
				VALIDATE_PRODUCT = YES;
			};
			name = Release;
		};
		514DC788225509C900F152A8 /* Debug */ = {
			isa = XCBuildConfiguration;
			baseConfigurationReference = 39748F6A1A5613023FC17A00 /* Pods-Example.debug.xcconfig */;
			buildSettings = {
				ASSETCATALOG_COMPILER_APPICON_NAME = AppIcon;
				CODE_SIGN_STYLE = Automatic;
				DEVELOPMENT_TEAM = LW5Y3D4HU2;
				INFOPLIST_FILE = Example/Info.plist;
				LD_RUNPATH_SEARCH_PATHS = "$(inherited) @executable_path/Frameworks";
				PRODUCT_BUNDLE_IDENTIFIER = com.EMoisiony.Example;
				PRODUCT_NAME = "$(TARGET_NAME)";
				TARGETED_DEVICE_FAMILY = "1,2";
			};
			name = Debug;
		};
		514DC789225509C900F152A8 /* Release */ = {
			isa = XCBuildConfiguration;
			baseConfigurationReference = 660908B03D063F4CCEDB54BD /* Pods-Example.release.xcconfig */;
			buildSettings = {
				ASSETCATALOG_COMPILER_APPICON_NAME = AppIcon;
				CODE_SIGN_STYLE = Automatic;
				DEVELOPMENT_TEAM = LW5Y3D4HU2;
				INFOPLIST_FILE = Example/Info.plist;
				LD_RUNPATH_SEARCH_PATHS = "$(inherited) @executable_path/Frameworks";
				PRODUCT_BUNDLE_IDENTIFIER = com.EMoisiony.Example;
				PRODUCT_NAME = "$(TARGET_NAME)";
				TARGETED_DEVICE_FAMILY = "1,2";
			};
			name = Release;
		};
		514DC78B225509C900F152A8 /* Debug */ = {
			isa = XCBuildConfiguration;
			baseConfigurationReference = 363A6701F6164DC275869A7F /* Pods-ExampleTests.debug.xcconfig */;
			buildSettings = {
				BUNDLE_LOADER = "$(TEST_HOST)";
				CODE_SIGN_STYLE = Automatic;
				DEVELOPMENT_TEAM = LW5Y3D4HU2;
				INFOPLIST_FILE = ExampleTests/Info.plist;
				LD_RUNPATH_SEARCH_PATHS = "$(inherited) @executable_path/Frameworks @loader_path/Frameworks";
				PRODUCT_BUNDLE_IDENTIFIER = com.EMoisiony.ExampleTests;
				PRODUCT_NAME = "$(TARGET_NAME)";
				TARGETED_DEVICE_FAMILY = "1,2";
				TEST_HOST = "$(BUILT_PRODUCTS_DIR)/Example.app/Example";
			};
			name = Debug;
		};
		514DC78C225509C900F152A8 /* Release */ = {
			isa = XCBuildConfiguration;
			baseConfigurationReference = 753CBC755E4B63582941B3B3 /* Pods-ExampleTests.release.xcconfig */;
			buildSettings = {
				BUNDLE_LOADER = "$(TEST_HOST)";
				CODE_SIGN_STYLE = Automatic;
				DEVELOPMENT_TEAM = LW5Y3D4HU2;
				INFOPLIST_FILE = ExampleTests/Info.plist;
				LD_RUNPATH_SEARCH_PATHS = "$(inherited) @executable_path/Frameworks @loader_path/Frameworks";
				PRODUCT_BUNDLE_IDENTIFIER = com.EMoisiony.ExampleTests;
				PRODUCT_NAME = "$(TARGET_NAME)";
				TARGETED_DEVICE_FAMILY = "1,2";
				TEST_HOST = "$(BUILT_PRODUCTS_DIR)/Example.app/Example";
			};
			name = Release;
		};
		514DC78E225509C900F152A8 /* Debug */ = {
			isa = XCBuildConfiguration;
			baseConfigurationReference = 664703357A3577D5DA5E5EF8 /* Pods-ExampleUITests.debug.xcconfig */;
			buildSettings = {
				CODE_SIGN_STYLE = Automatic;
				DEVELOPMENT_TEAM = LW5Y3D4HU2;
				INFOPLIST_FILE = ExampleUITests/Info.plist;
				LD_RUNPATH_SEARCH_PATHS = "$(inherited) @executable_path/Frameworks @loader_path/Frameworks";
				PRODUCT_BUNDLE_IDENTIFIER = com.EMoisiony.ExampleUITests;
				PRODUCT_NAME = "$(TARGET_NAME)";
				TARGETED_DEVICE_FAMILY = "1,2";
				TEST_TARGET_NAME = Example;
			};
			name = Debug;
		};
		514DC78F225509C900F152A8 /* Release */ = {
			isa = XCBuildConfiguration;
			baseConfigurationReference = ADFD1C5FB9B21484E58A22D9 /* Pods-ExampleUITests.release.xcconfig */;
			buildSettings = {
				CODE_SIGN_STYLE = Automatic;
				DEVELOPMENT_TEAM = LW5Y3D4HU2;
				INFOPLIST_FILE = ExampleUITests/Info.plist;
				LD_RUNPATH_SEARCH_PATHS = "$(inherited) @executable_path/Frameworks @loader_path/Frameworks";
				PRODUCT_BUNDLE_IDENTIFIER = com.EMoisiony.ExampleUITests;
				PRODUCT_NAME = "$(TARGET_NAME)";
				TARGETED_DEVICE_FAMILY = "1,2";
				TEST_TARGET_NAME = Example;
			};
			name = Release;
		};
/* End XCBuildConfiguration section */

/* Begin XCConfigurationList section */
		514DC756225509C700F152A8 /* Build configuration list for PBXProject "Example" */ = {
			isa = XCConfigurationList;
			buildConfigurations = (
				514DC785225509C900F152A8 /* Debug */,
				514DC786225509C900F152A8 /* Release */,
			);
			defaultConfigurationIsVisible = 0;
			defaultConfigurationName = Release;
		};
		514DC787225509C900F152A8 /* Build configuration list for PBXNativeTarget "Example" */ = {
			isa = XCConfigurationList;
			buildConfigurations = (
				514DC788225509C900F152A8 /* Debug */,
				514DC789225509C900F152A8 /* Release */,
			);
			defaultConfigurationIsVisible = 0;
			defaultConfigurationName = Release;
		};
		514DC78A225509C900F152A8 /* Build configuration list for PBXNativeTarget "ExampleTests" */ = {
			isa = XCConfigurationList;
			buildConfigurations = (
				514DC78B225509C900F152A8 /* Debug */,
				514DC78C225509C900F152A8 /* Release */,
			);
			defaultConfigurationIsVisible = 0;
			defaultConfigurationName = Release;
		};
		514DC78D225509C900F152A8 /* Build configuration list for PBXNativeTarget "ExampleUITests" */ = {
			isa = XCConfigurationList;
			buildConfigurations = (
				514DC78E225509C900F152A8 /* Debug */,
				514DC78F225509C900F152A8 /* Release */,
			);
			defaultConfigurationIsVisible = 0;
			defaultConfigurationName = Release;
		};
/* End XCConfigurationList section */
	};
	rootObject = 514DC753225509C700F152A8 /* Project object */;
}
